
Microsoft Visual Studio Solution File, Format Version 12.00
# Visual Studio Version 17
VisualStudioVersion = 17.8.34525.116
MinimumVisualStudioVersion = 10.0.40219.1
Project("{FAE04EC0-301F-11D3-BF4B-00C04F79EFBC}") = "factorial", "factorial\factorial.csproj", "{4BEBF19E-C8D2-4A23-BEC3-6449ACF2BB06}"
EndProject
Global
	GlobalSection(SolutionConfigurationPlatforms) = preSolution
		Debug|Any CPU = Debug|Any CPU
		Release|Any CPU = Release|Any CPU
	EndGlobalSection
	GlobalSection(ProjectConfigurationPlatforms) = postSolution
		{4BEBF19E-C8D2-4A23-BEC3-6449ACF2BB06}.Debug|Any CPU.ActiveCfg = Debug|Any CPU
		{4BEBF19E-C8D2-4A23-BEC3-6449ACF2BB06}.Debug|Any CPU.Build.0 = Debug|Any CPU
		{4BEBF19E-C8D2-4A23-BEC3-6449ACF2BB06}.Release|Any CPU.ActiveCfg = Release|Any CPU
		{4BEBF19E-C8D2-4A23-BEC3-6449ACF2BB06}.Release|Any CPU.Build.0 = Release|Any CPU
	EndGlobalSection
	GlobalSection(SolutionProperties) = preSolution
		HideSolutionNode = FALSE
	EndGlobalSection
	GlobalSection(ExtensibilityGlobals) = postSolution
		SolutionGuid = {6D4D42DA-94D5-4421-87EB-3DD5B5E98A13}
	EndGlobalSection
EndGlobal
