
Microsoft Visual Studio Solution File, Format Version 12.00
# Visual Studio Version 17
VisualStudioVersion = 17.8.34525.116
MinimumVisualStudioVersion = 10.0.40219.1
Project("{FAE04EC0-301F-11D3-BF4B-00C04F79EFBC}") = "fibonacci no", "fibonacci no\fibonacci no.csproj", "{1BB386CD-F913-4715-85FB-E225C6EF12DB}"
EndProject
Global
	GlobalSection(SolutionConfigurationPlatforms) = preSolution
		Debug|Any CPU = Debug|Any CPU
		Release|Any CPU = Release|Any CPU
	EndGlobalSection
	GlobalSection(ProjectConfigurationPlatforms) = postSolution
		{1BB386CD-F913-4715-85FB-E225C6EF12DB}.Debug|Any CPU.ActiveCfg = Debug|Any CPU
		{1BB386CD-F913-4715-85FB-E225C6EF12DB}.Debug|Any CPU.Build.0 = Debug|Any CPU
		{1BB386CD-F913-4715-85FB-E225C6EF12DB}.Release|Any CPU.ActiveCfg = Release|Any CPU
		{1BB386CD-F913-4715-85FB-E225C6EF12DB}.Release|Any CPU.Build.0 = Release|Any CPU
	EndGlobalSection
	GlobalSection(SolutionProperties) = preSolution
		HideSolutionNode = FALSE
	EndGlobalSection
	GlobalSection(ExtensibilityGlobals) = postSolution
		SolutionGuid = {A8914F35-EF80-4915-A4F8-F04BB9F8552C}
	EndGlobalSection
EndGlobal
